// !$*UTF8*$!
{
	archiveVersion = 1;
	classes = {
	};
	objectVersion = 50;
	objects = {

/* Begin PBXBuildFile section */
		CD8E88802508D72300D648DE /* AppDelegate.swift in Sources */ = {isa = PBXBuildFile; fileRef = CD8E887F2508D72300D648DE /* AppDelegate.swift */; };
		CD8E88822508D72300D648DE /* SceneDelegate.swift in Sources */ = {isa = PBXBuildFile; fileRef = CD8E88812508D72300D648DE /* SceneDelegate.swift */; };
		CD8E88842508D72300D648DE /* ViewController.swift in Sources */ = {isa = PBXBuildFile; fileRef = CD8E88832508D72300D648DE /* ViewController.swift */; };
		CD8E88872508D72300D648DE /* Main.storyboard in Resources */ = {isa = PBXBuildFile; fileRef = CD8E88852508D72300D648DE /* Main.storyboard */; };
		CD8E88892508D72E00D648DE /* Assets.xcassets in Resources */ = {isa = PBXBuildFile; fileRef = CD8E88882508D72E00D648DE /* Assets.xcassets */; };
		CD8E888C2508D72E00D648DE /* LaunchScreen.storyboard in Resources */ = {isa = PBXBuildFile; fileRef = CD8E888A2508D72E00D648DE /* LaunchScreen.storyboard */; };
		CD8E88972508D72E00D648DE /* recyclerTests.swift in Sources */ = {isa = PBXBuildFile; fileRef = CD8E88962508D72E00D648DE /* recyclerTests.swift */; };
		CD8E88A22508D72E00D648DE /* recyclerUITests.swift in Sources */ = {isa = PBXBuildFile; fileRef = CD8E88A12508D72E00D648DE /* recyclerUITests.swift */; };
/* End PBXBuildFile section */

/* Begin PBXContainerItemProxy section */
		CD8E88932508D72E00D648DE /* PBXContainerItemProxy */ = {
			isa = PBXContainerItemProxy;
			containerPortal = CD8E88742508D72200D648DE /* Project object */;
			proxyType = 1;
			remoteGlobalIDString = CD8E887B2508D72300D648DE;
			remoteInfo = recycler;
		};
		CD8E889E2508D72E00D648DE /* PBXContainerItemProxy */ = {
			isa = PBXContainerItemProxy;
			containerPortal = CD8E88742508D72200D648DE /* Project object */;
			proxyType = 1;
			remoteGlobalIDString = CD8E887B2508D72300D648DE;
			remoteInfo = recycler;
		};
/* End PBXContainerItemProxy section */

/* Begin PBXFileReference section */
		CD8E887C2508D72300D648DE /* recycler.app */ = {isa = PBXFileReference; explicitFileType = wrapper.application; includeInIndex = 0; path = recycler.app; sourceTree = BUILT_PRODUCTS_DIR; };
		CD8E887F2508D72300D648DE /* AppDelegate.swift */ = {isa = PBXFileReference; lastKnownFileType = sourcecode.swift; path = AppDelegate.swift; sourceTree = "<group>"; };
		CD8E88812508D72300D648DE /* SceneDelegate.swift */ = {isa = PBXFileReference; lastKnownFileType = sourcecode.swift; path = SceneDelegate.swift; sourceTree = "<group>"; };
		CD8E88832508D72300D648DE /* ViewController.swift */ = {isa = PBXFileReference; lastKnownFileType = sourcecode.swift; path = ViewController.swift; sourceTree = "<group>"; };
		CD8E88862508D72300D648DE /* Base */ = {isa = PBXFileReference; lastKnownFileType = file.storyboard; name = Base; path = Base.lproj/Main.storyboard; sourceTree = "<group>"; };
		CD8E88882508D72E00D648DE /* Assets.xcassets */ = {isa = PBXFileReference; lastKnownFileType = folder.assetcatalog; path = Assets.xcassets; sourceTree = "<group>"; };
		CD8E888B2508D72E00D648DE /* Base */ = {isa = PBXFileReference; lastKnownFileType = file.storyboard; name = Base; path = Base.lproj/LaunchScreen.storyboard; sourceTree = "<group>"; };
		CD8E888D2508D72E00D648DE /* Info.plist */ = {isa = PBXFileReference; lastKnownFileType = text.plist.xml; path = Info.plist; sourceTree = "<group>"; };
		CD8E88922508D72E00D648DE /* recyclerTests.xctest */ = {isa = PBXFileReference; explicitFileType = wrapper.cfbundle; includeInIndex = 0; path = recyclerTests.xctest; sourceTree = BUILT_PRODUCTS_DIR; };
		CD8E88962508D72E00D648DE /* recyclerTests.swift */ = {isa = PBXFileReference; lastKnownFileType = sourcecode.swift; path = recyclerTests.swift; sourceTree = "<group>"; };
		CD8E88982508D72E00D648DE /* Info.plist */ = {isa = PBXFileReference; lastKnownFileType = text.plist.xml; path = Info.plist; sourceTree = "<group>"; };
		CD8E889D2508D72E00D648DE /* recyclerUITests.xctest */ = {isa = PBXFileReference; explicitFileType = wrapper.cfbundle; includeInIndex = 0; path = recyclerUITests.xctest; sourceTree = BUILT_PRODUCTS_DIR; };
		CD8E88A12508D72E00D648DE /* recyclerUITests.swift */ = {isa = PBXFileReference; lastKnownFileType = sourcecode.swift; path = recyclerUITests.swift; sourceTree = "<group>"; };
		CD8E88A32508D72E00D648DE /* Info.plist */ = {isa = PBXFileReference; lastKnownFileType = text.plist.xml; path = Info.plist; sourceTree = "<group>"; };
/* End PBXFileReference section */

/* Begin PBXFrameworksBuildPhase section */
		CD8E88792508D72300D648DE /* Frameworks */ = {
			isa = PBXFrameworksBuildPhase;
			buildActionMask = 2147483647;
			files = (
			);
			runOnlyForDeploymentPostprocessing = 0;
		};
		CD8E888F2508D72E00D648DE /* Frameworks */ = {
			isa = PBXFrameworksBuildPhase;
			buildActionMask = 2147483647;
			files = (
			);
			runOnlyForDeploymentPostprocessing = 0;
		};
		CD8E889A2508D72E00D648DE /* Frameworks */ = {
			isa = PBXFrameworksBuildPhase;
			buildActionMask = 2147483647;
			files = (
			);
			runOnlyForDeploymentPostprocessing = 0;
		};
/* End PBXFrameworksBuildPhase section */

/* Begin PBXGroup section */
		CD8E88732508D72200D648DE = {
			isa = PBXGroup;
			children = (
				CD8E887E2508D72300D648DE /* recycler */,
				CD8E88952508D72E00D648DE /* recyclerTests */,
				CD8E88A02508D72E00D648DE /* recyclerUITests */,
				CD8E887D2508D72300D648DE /* Products */,
			);
			sourceTree = "<group>";
		};
		CD8E887D2508D72300D648DE /* Products */ = {
			isa = PBXGroup;
			children = (
				CD8E887C2508D72300D648DE /* recycler.app */,
				CD8E88922508D72E00D648DE /* recyclerTests.xctest */,
				CD8E889D2508D72E00D648DE /* recyclerUITests.xctest */,
			);
			name = Products;
			sourceTree = "<group>";
		};
		CD8E887E2508D72300D648DE /* recycler */ = {
			isa = PBXGroup;
			children = (
				CD8E887F2508D72300D648DE /* AppDelegate.swift */,
				CD8E88812508D72300D648DE /* SceneDelegate.swift */,
				CD8E88832508D72300D648DE /* ViewController.swift */,
				CD8E88852508D72300D648DE /* Main.storyboard */,
				CD8E88882508D72E00D648DE /* Assets.xcassets */,
				CD8E888A2508D72E00D648DE /* LaunchScreen.storyboard */,
				CD8E888D2508D72E00D648DE /* Info.plist */,
			);
			path = recycler;
			sourceTree = "<group>";
		};
		CD8E88952508D72E00D648DE /* recyclerTests */ = {
			isa = PBXGroup;
			children = (
				CD8E88962508D72E00D648DE /* recyclerTests.swift */,
				CD8E88982508D72E00D648DE /* Info.plist */,
			);
			path = recyclerTests;
			sourceTree = "<group>";
		};
		CD8E88A02508D72E00D648DE /* recyclerUITests */ = {
			isa = PBXGroup;
			children = (
				CD8E88A12508D72E00D648DE /* recyclerUITests.swift */,
				CD8E88A32508D72E00D648DE /* Info.plist */,
			);
			path = recyclerUITests;
			sourceTree = "<group>";
		};
/* End PBXGroup section */

/* Begin PBXNativeTarget section */
		CD8E887B2508D72300D648DE /* recycler */ = {
			isa = PBXNativeTarget;
			buildConfigurationList = CD8E88A62508D72E00D648DE /* Build configuration list for PBXNativeTarget "recycler" */;
			buildPhases = (
				CD8E88782508D72300D648DE /* Sources */,
				CD8E88792508D72300D648DE /* Frameworks */,
				CD8E887A2508D72300D648DE /* Resources */,
			);
			buildRules = (
			);
			dependencies = (
			);
			name = recycler;
			productName = recycler;
			productReference = CD8E887C2508D72300D648DE /* recycler.app */;
			productType = "com.apple.product-type.application";
		};
		CD8E88912508D72E00D648DE /* recyclerTests */ = {
			isa = PBXNativeTarget;
			buildConfigurationList = CD8E88A92508D72E00D648DE /* Build configuration list for PBXNativeTarget "recyclerTests" */;
			buildPhases = (
				CD8E888E2508D72E00D648DE /* Sources */,
				CD8E888F2508D72E00D648DE /* Frameworks */,
				CD8E88902508D72E00D648DE /* Resources */,
			);
			buildRules = (
			);
			dependencies = (
				CD8E88942508D72E00D648DE /* PBXTargetDependency */,
			);
			name = recyclerTests;
			productName = recyclerTests;
			productReference = CD8E88922508D72E00D648DE /* recyclerTests.xctest */;
			productType = "com.apple.product-type.bundle.unit-test";
		};
		CD8E889C2508D72E00D648DE /* recyclerUITests */ = {
			isa = PBXNativeTarget;
			buildConfigurationList = CD8E88AC2508D72E00D648DE /* Build configuration list for PBXNativeTarget "recyclerUITests" */;
			buildPhases = (
				CD8E88992508D72E00D648DE /* Sources */,
				CD8E889A2508D72E00D648DE /* Frameworks */,
				CD8E889B2508D72E00D648DE /* Resources */,
			);
			buildRules = (
			);
			dependencies = (
				CD8E889F2508D72E00D648DE /* PBXTargetDependency */,
			);
			name = recyclerUITests;
			productName = recyclerUITests;
			productReference = CD8E889D2508D72E00D648DE /* recyclerUITests.xctest */;
			productType = "com.apple.product-type.bundle.ui-testing";
		};
/* End PBXNativeTarget section */

/* Begin PBXProject section */
		CD8E88742508D72200D648DE /* Project object */ = {
			isa = PBXProject;
			attributes = {
				LastSwiftUpdateCheck = 1160;
				LastUpgradeCheck = 1160;
				ORGANIZATIONNAME = "Матвей Корепанов";
				TargetAttributes = {
					CD8E887B2508D72300D648DE = {
						CreatedOnToolsVersion = 11.6;
					};
					CD8E88912508D72E00D648DE = {
						CreatedOnToolsVersion = 11.6;
						TestTargetID = CD8E887B2508D72300D648DE;
					};
					CD8E889C2508D72E00D648DE = {
						CreatedOnToolsVersion = 11.6;
						TestTargetID = CD8E887B2508D72300D648DE;
					};
				};
			};
			buildConfigurationList = CD8E88772508D72200D648DE /* Build configuration list for PBXProject "recycler" */;
			compatibilityVersion = "Xcode 9.3";
			developmentRegion = en;
			hasScannedForEncodings = 0;
			knownRegions = (
				en,
				Base,
			);
			mainGroup = CD8E88732508D72200D648DE;
			productRefGroup = CD8E887D2508D72300D648DE /* Products */;
			projectDirPath = "";
			projectRoot = "";
			targets = (
				CD8E887B2508D72300D648DE /* recycler */,
				CD8E88912508D72E00D648DE /* recyclerTests */,
				CD8E889C2508D72E00D648DE /* recyclerUITests */,
			);
		};
/* End PBXProject section */

/* Begin PBXResourcesBuildPhase section */
		CD8E887A2508D72300D648DE /* Resources */ = {
			isa = PBXResourcesBuildPhase;
			buildActionMask = 2147483647;
			files = (
				CD8E888C2508D72E00D648DE /* LaunchScreen.storyboard in Resources */,
				CD8E88892508D72E00D648DE /* Assets.xcassets in Resources */,
				CD8E88872508D72300D648DE /* Main.storyboard in Resources */,
			);
			runOnlyForDeploymentPostprocessing = 0;
		};
		CD8E88902508D72E00D648DE /* Resources */ = {
			isa = PBXResourcesBuildPhase;
			buildActionMask = 2147483647;
			files = (
			);
			runOnlyForDeploymentPostprocessing = 0;
		};
		CD8E889B2508D72E00D648DE /* Resources */ = {
			isa = PBXResourcesBuildPhase;
			buildActionMask = 2147483647;
			files = (
			);
			runOnlyForDeploymentPostprocessing = 0;
		};
/* End PBXResourcesBuildPhase section */

/* Begin PBXSourcesBuildPhase section */
		CD8E88782508D72300D648DE /* Sources */ = {
			isa = PBXSourcesBuildPhase;
			buildActionMask = 2147483647;
			files = (
				CD8E88842508D72300D648DE /* ViewController.swift in Sources */,
				CD8E88802508D72300D648DE /* AppDelegate.swift in Sources */,
				CD8E88822508D72300D648DE /* SceneDelegate.swift in Sources */,
			);
			runOnlyForDeploymentPostprocessing = 0;
		};
		CD8E888E2508D72E00D648DE /* Sources */ = {
			isa = PBXSourcesBuildPhase;
			buildActionMask = 2147483647;
			files = (
				CD8E88972508D72E00D648DE /* recyclerTests.swift in Sources */,
			);
			runOnlyForDeploymentPostprocessing = 0;
		};
		CD8E88992508D72E00D648DE /* Sources */ = {
			isa = PBXSourcesBuildPhase;
			buildActionMask = 2147483647;
			files = (
				CD8E88A22508D72E00D648DE /* recyclerUITests.swift in Sources */,
			);
			runOnlyForDeploymentPostprocessing = 0;
		};
/* End PBXSourcesBuildPhase section */

/* Begin PBXTargetDependency section */
		CD8E88942508D72E00D648DE /* PBXTargetDependency */ = {
			isa = PBXTargetDependency;
			target = CD8E887B2508D72300D648DE /* recycler */;
			targetProxy = CD8E88932508D72E00D648DE /* PBXContainerItemProxy */;
		};
		CD8E889F2508D72E00D648DE /* PBXTargetDependency */ = {
			isa = PBXTargetDependency;
			target = CD8E887B2508D72300D648DE /* recycler */;
			targetProxy = CD8E889E2508D72E00D648DE /* PBXContainerItemProxy */;
		};
/* End PBXTargetDependency section */

/* Begin PBXVariantGroup section */
		CD8E88852508D72300D648DE /* Main.storyboard */ = {
			isa = PBXVariantGroup;
			children = (
				CD8E88862508D72300D648DE /* Base */,
			);
			name = Main.storyboard;
			sourceTree = "<group>";
		};
		CD8E888A2508D72E00D648DE /* LaunchScreen.storyboard */ = {
			isa = PBXVariantGroup;
			children = (
				CD8E888B2508D72E00D648DE /* Base */,
			);
			name = LaunchScreen.storyboard;
			sourceTree = "<group>";
		};
/* End PBXVariantGroup section */

/* Begin XCBuildConfiguration section */
		CD8E88A42508D72E00D648DE /* Debug */ = {
			isa = XCBuildConfiguration;
			buildSettings = {
				ALWAYS_SEARCH_USER_PATHS = NO;
				CLANG_ANALYZER_NONNULL = YES;
				CLANG_ANALYZER_NUMBER_OBJECT_CONVERSION = YES_AGGRESSIVE;
				CLANG_CXX_LANGUAGE_STANDARD = "gnu++14";
				CLANG_CXX_LIBRARY = "libc++";
				CLANG_ENABLE_MODULES = YES;
				CLANG_ENABLE_OBJC_ARC = YES;
				CLANG_ENABLE_OBJC_WEAK = YES;
				CLANG_WARN_BLOCK_CAPTURE_AUTORELEASING = YES;
				CLANG_WARN_BOOL_CONVERSION = YES;
				CLANG_WARN_COMMA = YES;
				CLANG_WARN_CONSTANT_CONVERSION = YES;
				CLANG_WARN_DEPRECATED_OBJC_IMPLEMENTATIONS = YES;
				CLANG_WARN_DIRECT_OBJC_ISA_USAGE = YES_ERROR;
				CLANG_WARN_DOCUMENTATION_COMMENTS = YES;
				CLANG_WARN_EMPTY_BODY = YES;
				CLANG_WARN_ENUM_CONVERSION = YES;
				CLANG_WARN_INFINITE_RECURSION = YES;
				CLANG_WARN_INT_CONVERSION = YES;
				CLANG_WARN_NON_LITERAL_NULL_CONVERSION = YES;
				CLANG_WARN_OBJC_IMPLICIT_RETAIN_SELF = YES;
				CLANG_WARN_OBJC_LITERAL_CONVERSION = YES;
				CLANG_WARN_OBJC_ROOT_CLASS = YES_ERROR;
				CLANG_WARN_RANGE_LOOP_ANALYSIS = YES;
				CLANG_WARN_STRICT_PROTOTYPES = YES;
				CLANG_WARN_SUSPICIOUS_MOVE = YES;
				CLANG_WARN_UNGUARDED_AVAILABILITY = YES_AGGRESSIVE;
				CLANG_WARN_UNREACHABLE_CODE = YES;
				CLANG_WARN__DUPLICATE_METHOD_MATCH = YES;
				COPY_PHASE_STRIP = NO;
				DEBUG_INFORMATION_FORMAT = dwarf;
				ENABLE_STRICT_OBJC_MSGSEND = YES;
				ENABLE_TESTABILITY = YES;
				GCC_C_LANGUAGE_STANDARD = gnu11;
				GCC_DYNAMIC_NO_PIC = NO;
				GCC_NO_COMMON_BLOCKS = YES;
				GCC_OPTIMIZATION_LEVEL = 0;
				GCC_PREPROCESSOR_DEFINITIONS = (
					"DEBUG=1",
					"$(inherited)",
				);
				GCC_WARN_64_TO_32_BIT_CONVERSION = YES;
				GCC_WARN_ABOUT_RETURN_TYPE = YES_ERROR;
				GCC_WARN_UNDECLARED_SELECTOR = YES;
				GCC_WARN_UNINITIALIZED_AUTOS = YES_AGGRESSIVE;
				GCC_WARN_UNUSED_FUNCTION = YES;
				GCC_WARN_UNUSED_VARIABLE = YES;
				IPHONEOS_DEPLOYMENT_TARGET = 13.6;
				MTL_ENABLE_DEBUG_INFO = INCLUDE_SOURCE;
				MTL_FAST_MATH = YES;
				ONLY_ACTIVE_ARCH = YES;
				SDKROOT = iphoneos;
				SWIFT_ACTIVE_COMPILATION_CONDITIONS = DEBUG;
				SWIFT_OPTIMIZATION_LEVEL = "-Onone";
			};
			name = Debug;
		};
		CD8E88A52508D72E00D648DE /* Release */ = {
			isa = XCBuildConfiguration;
			buildSettings = {
				ALWAYS_SEARCH_USER_PATHS = NO;
				CLANG_ANALYZER_NONNULL = YES;
				CLANG_ANALYZER_NUMBER_OBJECT_CONVERSION = YES_AGGRESSIVE;
				CLANG_CXX_LANGUAGE_STANDARD = "gnu++14";
				CLANG_CXX_LIBRARY = "libc++";
				CLANG_ENABLE_MODULES = YES;
				CLANG_ENABLE_OBJC_ARC = YES;
				CLANG_ENABLE_OBJC_WEAK = YES;
				CLANG_WARN_BLOCK_CAPTURE_AUTORELEASING = YES;
				CLANG_WARN_BOOL_CONVERSION = YES;
				CLANG_WARN_COMMA = YES;
				CLANG_WARN_CONSTANT_CONVERSION = YES;
				CLANG_WARN_DEPRECATED_OBJC_IMPLEMENTATIONS = YES;
				CLANG_WARN_DIRECT_OBJC_ISA_USAGE = YES_ERROR;
				CLANG_WARN_DOCUMENTATION_COMMENTS = YES;
				CLANG_WARN_EMPTY_BODY = YES;
				CLANG_WARN_ENUM_CONVERSION = YES;
				CLANG_WARN_INFINITE_RECURSION = YES;
				CLANG_WARN_INT_CONVERSION = YES;
				CLANG_WARN_NON_LITERAL_NULL_CONVERSION = YES;
				CLANG_WARN_OBJC_IMPLICIT_RETAIN_SELF = YES;
				CLANG_WARN_OBJC_LITERAL_CONVERSION = YES;
				CLANG_WARN_OBJC_ROOT_CLASS = YES_ERROR;
				CLANG_WARN_RANGE_LOOP_ANALYSIS = YES;
				CLANG_WARN_STRICT_PROTOTYPES = YES;
				CLANG_WARN_SUSPICIOUS_MOVE = YES;
				CLANG_WARN_UNGUARDED_AVAILABILITY = YES_AGGRESSIVE;
				CLANG_WARN_UNREACHABLE_CODE = YES;
				CLANG_WARN__DUPLICATE_METHOD_MATCH = YES;
				COPY_PHASE_STRIP = NO;
				DEBUG_INFORMATION_FORMAT = "dwarf-with-dsym";
				ENABLE_NS_ASSERTIONS = NO;
				ENABLE_STRICT_OBJC_MSGSEND = YES;
				GCC_C_LANGUAGE_STANDARD = gnu11;
				GCC_NO_COMMON_BLOCKS = YES;
				GCC_WARN_64_TO_32_BIT_CONVERSION = YES;
				GCC_WARN_ABOUT_RETURN_TYPE = YES_ERROR;
				GCC_WARN_UNDECLARED_SELECTOR = YES;
				GCC_WARN_UNINITIALIZED_AUTOS = YES_AGGRESSIVE;
				GCC_WARN_UNUSED_FUNCTION = YES;
				GCC_WARN_UNUSED_VARIABLE = YES;
				IPHONEOS_DEPLOYMENT_TARGET = 13.6;
				MTL_ENABLE_DEBUG_INFO = NO;
				MTL_FAST_MATH = YES;
				SDKROOT = iphoneos;
				SWIFT_COMPILATION_MODE = wholemodule;
				SWIFT_OPTIMIZATION_LEVEL = "-O";
				VALIDATE_PRODUCT = YES;
			};
			name = Release;
		};
		CD8E88A72508D72E00D648DE /* Debug */ = {
			isa = XCBuildConfiguration;
			buildSettings = {
				ASSETCATALOG_COMPILER_APPICON_NAME = AppIcon;
				CODE_SIGN_STYLE = Automatic;
				INFOPLIST_FILE = recycler/Info.plist;
				LD_RUNPATH_SEARCH_PATHS = (
					"$(inherited)",
					"@executable_path/Frameworks",
				);
				PRODUCT_BUNDLE_IDENTIFIER = anomatver.recycler;
				PRODUCT_NAME = "$(TARGET_NAME)";
				SWIFT_VERSION = 5.0;
				TARGETED_DEVICE_FAMILY = "1,2";
			};
			name = Debug;
		};
		CD8E88A82508D72E00D648DE /* Release */ = {
			isa = XCBuildConfiguration;
			buildSettings = {
				ASSETCATALOG_COMPILER_APPICON_NAME = AppIcon;
				CODE_SIGN_STYLE = Automatic;
				INFOPLIST_FILE = recycler/Info.plist;
				LD_RUNPATH_SEARCH_PATHS = (
					"$(inherited)",
					"@executable_path/Frameworks",
				);
				PRODUCT_BUNDLE_IDENTIFIER = anomatver.recycler;
				PRODUCT_NAME = "$(TARGET_NAME)";
				SWIFT_VERSION = 5.0;
				TARGETED_DEVICE_FAMILY = "1,2";
			};
			name = Release;
		};
		CD8E88AA2508D72E00D648DE /* Debug */ = {
			isa = XCBuildConfiguration;
			buildSettings = {
				ALWAYS_EMBED_SWIFT_STANDARD_LIBRARIES = YES;
				BUNDLE_LOADER = "$(TEST_HOST)";
				CODE_SIGN_STYLE = Automatic;
				INFOPLIST_FILE = recyclerTests/Info.plist;
				IPHONEOS_DEPLOYMENT_TARGET = 13.6;
				LD_RUNPATH_SEARCH_PATHS = (
					"$(inherited)",
					"@executable_path/Frameworks",
					"@loader_path/Frameworks",
				);
				PRODUCT_BUNDLE_IDENTIFIER = anomatver.recyclerTests;
				PRODUCT_NAME = "$(TARGET_NAME)";
				SWIFT_VERSION = 5.0;
				TARGETED_DEVICE_FAMILY = "1,2";
				TEST_HOST = "$(BUILT_PRODUCTS_DIR)/recycler.app/recycler";
			};
			name = Debug;
		};
		CD8E88AB2508D72E00D648DE /* Release */ = {
			isa = XCBuildConfiguration;
			buildSettings = {
				ALWAYS_EMBED_SWIFT_STANDARD_LIBRARIES = YES;
				BUNDLE_LOADER = "$(TEST_HOST)";
				CODE_SIGN_STYLE = Automatic;
				INFOPLIST_FILE = recyclerTests/Info.plist;
				IPHONEOS_DEPLOYMENT_TARGET = 13.6;
				LD_RUNPATH_SEARCH_PATHS = (
					"$(inherited)",
					"@executable_path/Frameworks",
					"@loader_path/Frameworks",
				);
				PRODUCT_BUNDLE_IDENTIFIER = anomatver.recyclerTests;
				PRODUCT_NAME = "$(TARGET_NAME)";
				SWIFT_VERSION = 5.0;
				TARGETED_DEVICE_FAMILY = "1,2";
				TEST_HOST = "$(BUILT_PRODUCTS_DIR)/recycler.app/recycler";
			};
			name = Release;
		};
		CD8E88AD2508D72E00D648DE /* Debug */ = {
			isa = XCBuildConfiguration;
			buildSettings = {
				ALWAYS_EMBED_SWIFT_STANDARD_LIBRARIES = YES;
				CODE_SIGN_STYLE = Automatic;
				INFOPLIST_FILE = recyclerUITests/Info.plist;
				LD_RUNPATH_SEARCH_PATHS = (
					"$(inherited)",
					"@executable_path/Frameworks",
					"@loader_path/Frameworks",
				);
				PRODUCT_BUNDLE_IDENTIFIER = anomatver.recyclerUITests;
				PRODUCT_NAME = "$(TARGET_NAME)";
				SWIFT_VERSION = 5.0;
				TARGETED_DEVICE_FAMILY = "1,2";
				TEST_TARGET_NAME = recycler;
			};
			name = Debug;
		};
		CD8E88AE2508D72E00D648DE /* Release */ = {
			isa = XCBuildConfiguration;
			buildSettings = {
				ALWAYS_EMBED_SWIFT_STANDARD_LIBRARIES = YES;
				CODE_SIGN_STYLE = Automatic;
				INFOPLIST_FILE = recyclerUITests/Info.plist;
				LD_RUNPATH_SEARCH_PATHS = (
					"$(inherited)",
					"@executable_path/Frameworks",
					"@loader_path/Frameworks",
				);
				PRODUCT_BUNDLE_IDENTIFIER = anomatver.recyclerUITests;
				PRODUCT_NAME = "$(TARGET_NAME)";
				SWIFT_VERSION = 5.0;
				TARGETED_DEVICE_FAMILY = "1,2";
				TEST_TARGET_NAME = recycler;
			};
			name = Release;
		};
/* End XCBuildConfiguration section */

/* Begin XCConfigurationList section */
		CD8E88772508D72200D648DE /* Build configuration list for PBXProject "recycler" */ = {
			isa = XCConfigurationList;
			buildConfigurations = (
				CD8E88A42508D72E00D648DE /* Debug */,
				CD8E88A52508D72E00D648DE /* Release */,
			);
			defaultConfigurationIsVisible = 0;
			defaultConfigurationName = Release;
		};
		CD8E88A62508D72E00D648DE /* Build configuration list for PBXNativeTarget "recycler" */ = {
			isa = XCConfigurationList;
			buildConfigurations = (
				CD8E88A72508D72E00D648DE /* Debug */,
				CD8E88A82508D72E00D648DE /* Release */,
			);
			defaultConfigurationIsVisible = 0;
			defaultConfigurationName = Release;
		};
		CD8E88A92508D72E00D648DE /* Build configuration list for PBXNativeTarget "recyclerTests" */ = {
			isa = XCConfigurationList;
			buildConfigurations = (
				CD8E88AA2508D72E00D648DE /* Debug */,
				CD8E88AB2508D72E00D648DE /* Release */,
			);
			defaultConfigurationIsVisible = 0;
			defaultConfigurationName = Release;
		};
		CD8E88AC2508D72E00D648DE /* Build configuration list for PBXNativeTarget "recyclerUITests" */ = {
			isa = XCConfigurationList;
			buildConfigurations = (
				CD8E88AD2508D72E00D648DE /* Debug */,
				CD8E88AE2508D72E00D648DE /* Release */,
			);
			defaultConfigurationIsVisible = 0;
			defaultConfigurationName = Release;
		};
/* End XCConfigurationList section */
	};
	rootObject = CD8E88742508D72200D648DE /* Project object */;
}
